{
  "name": "mcp-deadmansnitch-factory",
  "lockfileVersion": 3,
  "requires": true,
  "packages": {
    "": {
      "name": "mcp-deadmansnitch-factory",
      "devDependencies": {
        "@ampcode/plugin": "0.0.0-20260902001824-gcbd038f",
        "@types/node": "24.3.0",
        "typescript": "5.9.2"
      }
    },
    "node_modules/@ampcode/plugin": {
      "version": "0.0.0-20260902001824-gcbd038f",
      "resolved": "https://registry.npmjs.org/@ampcode/plugin/-/plugin-0.0.0-20260902001824-gcbd038f.tgz",
      "integrity": "sha512-wO+j9kd1h19IK+Z9qngM6wZ95avBRsVBOFzuE7W38yZhgOF3SMaosx9hjToeWUIpo006r6rv2tClBt0+qNQ3tw==",
      "dev": true
    },
    "node_modules/@types/node": {
      "version": "24.3.0",
      "resolved": "https://registry.npmjs.org/@types/node/-/node-24.3.0.tgz",
      "integrity": "sha512-aPTXCrfwnDLj4VvXrm+UUCQjNEvJgNA8s5F1cvwQU+3KNltTOkBm1j30uNLyqqPNe7gE3KFzImYoZEfLhp4Yow==",
      "license": "MIT",
      "dependencies": {
        "undici-types": "~7.10.0"
      },
      "dev": true
    },
    "node_modules/typescript": {
      "version": "5.9.2",
      "resolved": "https://registry.npmjs.org/typescript/-/typescript-5.9.2.tgz",
      "integrity": "sha512-CWBzXQrc/qOkhidw1OzBTQuYRbfyxDXJMVJ1XNwUHGROVmuaeiEm3OslpZ1RV96d7SKKjZKrSJu3+t/xlw3R9A==",
      "license": "Apache-2.0",
      "bin": {
        "tsc": "bin/tsc",
        "tsserver": "bin/tsserver"
      },
      "engines": {
        "node": ">=14.17"
      },
      "dev": true
    },
    "node_modules/undici-types": {
      "version": "7.10.0",
      "resolved": "https://registry.npmjs.org/undici-types/-/undici-types-7.10.0.tgz",
      "integrity": "sha512-t5Fy/nfn+14LuOc2KNYg75vZqClpAiqscVvMygNnlsHBFpSXdJaYtXMcdNLpl/Qvc3P2cB3s6lOV51nqsFq4ag==",
      "license": "MIT",
      "dev": true
    }
  }
}
